
Microsoft Visual Studio Solution File, Format Version 9.00
# Visual Studio 2005
Project("{8BC9CEB8-8B4A-11D0-8D11-00A0C91BC942}") = "typingPrototype", "typingPrototype.vcproj", "{EEB27B2B-0005-454E-9525-2A5C1F00E13B}"
EndProject
Global
	GlobalSection(SolutionConfigurationPlatforms) = preSolution
		Debug|Win32 = Debug|Win32
		Release|Win32 = Release|Win32
	EndGlobalSection
	GlobalSection(ProjectConfigurationPlatforms) = postSolution
		{EEB27B2B-0005-454E-9525-2A5C1F00E13B}.Debug|Win32.ActiveCfg = Debug|Win32
		{EEB27B2B-0005-454E-9525-2A5C1F00E13B}.Debug|Win32.Build.0 = Debug|Win32
		{EEB27B2B-0005-454E-9525-2A5C1F00E13B}.Release|Win32.ActiveCfg = Release|Win32
		{EEB27B2B-0005-454E-9525-2A5C1F00E13B}.Release|Win32.Build.0 = Release|Win32
	EndGlobalSection
	GlobalSection(SolutionProperties) = preSolution
		HideSolutionNode = FALSE
	EndGlobalSection
EndGlobal
